// !$*UTF8*$!
{
	archiveVersion = 1;
	classes = {
	};
	objectVersion = 56;
	objects = {

/* Begin PBXBuildFile section */
		1A081ABC2B492A4D00F88C7C /* AppDelegate.swift in Sources */ = {isa = PBXBuildFile; fileRef = 1A081ABB2B492A4D00F88C7C /* AppDelegate.swift */; };
		1A081ABE2B492A4D00F88C7C /* SceneDelegate.swift in Sources */ = {isa = PBXBuildFile; fileRef = 1A081ABD2B492A4D00F88C7C /* SceneDelegate.swift */; };
		1A081AC02B492A4D00F88C7C /* MapViewController.swift in Sources */ = {isa = PBXBuildFile; fileRef = 1A081ABF2B492A4D00F88C7C /* MapViewController.swift */; };
		1A081AC32B492A4D00F88C7C /* Main.storyboard in Resources */ = {isa = PBXBuildFile; fileRef = 1A081AC12B492A4D00F88C7C /* Main.storyboard */; };
		1A081AC62B492A4D00F88C7C /* Countries_Listing_By_Suhail.xcdatamodeld in Sources */ = {isa = PBXBuildFile; fileRef = 1A081AC42B492A4D00F88C7C /* Countries_Listing_By_Suhail.xcdatamodeld */; };
		1A081AC82B492A4E00F88C7C /* Assets.xcassets in Resources */ = {isa = PBXBuildFile; fileRef = 1A081AC72B492A4E00F88C7C /* Assets.xcassets */; };
		1A081ACB2B492A4E00F88C7C /* LaunchScreen.storyboard in Resources */ = {isa = PBXBuildFile; fileRef = 1A081AC92B492A4E00F88C7C /* LaunchScreen.storyboard */; };
		1A081ADF2B492EBD00F88C7C /* CountriesViewController.swift in Sources */ = {isa = PBXBuildFile; fileRef = 1A081ADE2B492EBD00F88C7C /* CountriesViewController.swift */; };
		1A081AE12B49392300F88C7C /* CountryPoint.swift in Sources */ = {isa = PBXBuildFile; fileRef = 1A081AE02B49392300F88C7C /* CountryPoint.swift */; };
		1A081AE32B494A6300F88C7C /* DropDownViewController.swift in Sources */ = {isa = PBXBuildFile; fileRef = 1A081AE22B494A6300F88C7C /* DropDownViewController.swift */; };
		1A081AEB2B4955DC00F88C7C /* Country.swift in Sources */ = {isa = PBXBuildFile; fileRef = 1A081AEA2B4955DC00F88C7C /* Country.swift */; };
		1A081AED2B49564200F88C7C /* NetworkManager.swift in Sources */ = {isa = PBXBuildFile; fileRef = 1A081AEC2B49564200F88C7C /* NetworkManager.swift */; };
		1A081AEF2B49946900F88C7C /* LocationManager.swift in Sources */ = {isa = PBXBuildFile; fileRef = 1A081AEE2B49946900F88C7C /* LocationManager.swift */; };
		1A081AF22B49B04200F88C7C /* DatabaseManager.swift in Sources */ = {isa = PBXBuildFile; fileRef = 1A081AF12B49B04200F88C7C /* DatabaseManager.swift */; };
		1A2FCFBC2B4A808900FBDBC5 /* CountryTableViewCell.swift in Sources */ = {isa = PBXBuildFile; fileRef = 1A2FCFBA2B4A808900FBDBC5 /* CountryTableViewCell.swift */; };
		1A2FCFBD2B4A808900FBDBC5 /* CountryTableViewCell.xib in Resources */ = {isa = PBXBuildFile; fileRef = 1A2FCFBB2B4A808900FBDBC5 /* CountryTableViewCell.xib */; };
		1A2FCFBF2B4A85EB00FBDBC5 /* WikipediViewController.swift in Sources */ = {isa = PBXBuildFile; fileRef = 1A2FCFBE2B4A85EB00FBDBC5 /* WikipediViewController.swift */; };
		1A683E2D2B4A501500BC18E6 /* CountriesCD+CoreDataClass.swift in Sources */ = {isa = PBXBuildFile; fileRef = 1A683E2B2B4A501500BC18E6 /* CountriesCD+CoreDataClass.swift */; };
		1A683E2E2B4A501500BC18E6 /* CountriesCD+CoreDataProperties.swift in Sources */ = {isa = PBXBuildFile; fileRef = 1A683E2C2B4A501500BC18E6 /* CountriesCD+CoreDataProperties.swift */; };
		1A683E312B4A6C0B00BC18E6 /* JGProgressHUD in Frameworks */ = {isa = PBXBuildFile; productRef = 1A683E302B4A6C0B00BC18E6 /* JGProgressHUD */; };
		34F7423DB5F773825401E0A5 /* Pods_Countries_Listing_By_Suhail.framework in Frameworks */ = {isa = PBXBuildFile; fileRef = DBE0027FAA9B9C5A3309B6A0 /* Pods_Countries_Listing_By_Suhail.framework */; };
/* End PBXBuildFile section */

/* Begin PBXFileReference section */
		1A081AB82B492A4D00F88C7C /* Countries Listing By Suhail.app */ = {isa = PBXFileReference; explicitFileType = wrapper.application; includeInIndex = 0; path = "Countries Listing By Suhail.app"; sourceTree = BUILT_PRODUCTS_DIR; };
		1A081ABB2B492A4D00F88C7C /* AppDelegate.swift */ = {isa = PBXFileReference; lastKnownFileType = sourcecode.swift; path = AppDelegate.swift; sourceTree = "<group>"; };
		1A081ABD2B492A4D00F88C7C /* SceneDelegate.swift */ = {isa = PBXFileReference; lastKnownFileType = sourcecode.swift; path = SceneDelegate.swift; sourceTree = "<group>"; };
		1A081ABF2B492A4D00F88C7C /* MapViewController.swift */ = {isa = PBXFileReference; lastKnownFileType = sourcecode.swift; path = MapViewController.swift; sourceTree = "<group>"; };
		1A081AC22B492A4D00F88C7C /* Base */ = {isa = PBXFileReference; lastKnownFileType = file.storyboard; name = Base; path = Base.lproj/Main.storyboard; sourceTree = "<group>"; };
		1A081AC52B492A4D00F88C7C /* Countries_Listing_By_Suhail.xcdatamodel */ = {isa = PBXFileReference; lastKnownFileType = wrapper.xcdatamodel; path = Countries_Listing_By_Suhail.xcdatamodel; sourceTree = "<group>"; };
		1A081AC72B492A4E00F88C7C /* Assets.xcassets */ = {isa = PBXFileReference; lastKnownFileType = folder.assetcatalog; path = Assets.xcassets; sourceTree = "<group>"; };
		1A081ACA2B492A4E00F88C7C /* Base */ = {isa = PBXFileReference; lastKnownFileType = file.storyboard; name = Base; path = Base.lproj/LaunchScreen.storyboard; sourceTree = "<group>"; };
		1A081ACC2B492A4E00F88C7C /* Info.plist */ = {isa = PBXFileReference; lastKnownFileType = text.plist.xml; path = Info.plist; sourceTree = "<group>"; };
		1A081ADE2B492EBD00F88C7C /* CountriesViewController.swift */ = {isa = PBXFileReference; lastKnownFileType = sourcecode.swift; path = CountriesViewController.swift; sourceTree = "<group>"; };
		1A081AE02B49392300F88C7C /* CountryPoint.swift */ = {isa = PBXFileReference; lastKnownFileType = sourcecode.swift; path = CountryPoint.swift; sourceTree = "<group>"; };
		1A081AE22B494A6300F88C7C /* DropDownViewController.swift */ = {isa = PBXFileReference; lastKnownFileType = sourcecode.swift; path = DropDownViewController.swift; sourceTree = "<group>"; };
		1A081AEA2B4955DC00F88C7C /* Country.swift */ = {isa = PBXFileReference; lastKnownFileType = sourcecode.swift; path = Country.swift; sourceTree = "<group>"; };
		1A081AEC2B49564200F88C7C /* NetworkManager.swift */ = {isa = PBXFileReference; lastKnownFileType = sourcecode.swift; path = NetworkManager.swift; sourceTree = "<group>"; };
		1A081AEE2B49946900F88C7C /* LocationManager.swift */ = {isa = PBXFileReference; lastKnownFileType = sourcecode.swift; path = LocationManager.swift; sourceTree = "<group>"; };
		1A081AF12B49B04200F88C7C /* DatabaseManager.swift */ = {isa = PBXFileReference; lastKnownFileType = sourcecode.swift; path = DatabaseManager.swift; sourceTree = "<group>"; };
		1A2FCFBA2B4A808900FBDBC5 /* CountryTableViewCell.swift */ = {isa = PBXFileReference; lastKnownFileType = sourcecode.swift; path = CountryTableViewCell.swift; sourceTree = "<group>"; };
		1A2FCFBB2B4A808900FBDBC5 /* CountryTableViewCell.xib */ = {isa = PBXFileReference; lastKnownFileType = file.xib; path = CountryTableViewCell.xib; sourceTree = "<group>"; };
		1A2FCFBE2B4A85EB00FBDBC5 /* WikipediViewController.swift */ = {isa = PBXFileReference; lastKnownFileType = sourcecode.swift; path = WikipediViewController.swift; sourceTree = "<group>"; };
		1A683E2B2B4A501500BC18E6 /* CountriesCD+CoreDataClass.swift */ = {isa = PBXFileReference; lastKnownFileType = sourcecode.swift; path = "CountriesCD+CoreDataClass.swift"; sourceTree = "<group>"; };
		1A683E2C2B4A501500BC18E6 /* CountriesCD+CoreDataProperties.swift */ = {isa = PBXFileReference; lastKnownFileType = sourcecode.swift; path = "CountriesCD+CoreDataProperties.swift"; sourceTree = "<group>"; };
		C37FC9ACE3A1EAD22EB118F6 /* Pods-Countries Listing By Suhail.debug.xcconfig */ = {isa = PBXFileReference; includeInIndex = 1; lastKnownFileType = text.xcconfig; name = "Pods-Countries Listing By Suhail.debug.xcconfig"; path = "Target Support Files/Pods-Countries Listing By Suhail/Pods-Countries Listing By Suhail.debug.xcconfig"; sourceTree = "<group>"; };
		DBE0027FAA9B9C5A3309B6A0 /* Pods_Countries_Listing_By_Suhail.framework */ = {isa = PBXFileReference; explicitFileType = wrapper.framework; includeInIndex = 0; path = Pods_Countries_Listing_By_Suhail.framework; sourceTree = BUILT_PRODUCTS_DIR; };
		F83A5539787B6ECC2D44C122 /* Pods-Countries Listing By Suhail.release.xcconfig */ = {isa = PBXFileReference; includeInIndex = 1; lastKnownFileType = text.xcconfig; name = "Pods-Countries Listing By Suhail.release.xcconfig"; path = "Target Support Files/Pods-Countries Listing By Suhail/Pods-Countries Listing By Suhail.release.xcconfig"; sourceTree = "<group>"; };
/* End PBXFileReference section */

/* Begin PBXFrameworksBuildPhase section */
		1A081AB52B492A4D00F88C7C /* Frameworks */ = {
			isa = PBXFrameworksBuildPhase;
			buildActionMask = 2147483647;
			files = (
				1A683E312B4A6C0B00BC18E6 /* JGProgressHUD in Frameworks */,
				34F7423DB5F773825401E0A5 /* Pods_Countries_Listing_By_Suhail.framework in Frameworks */,
			);
			runOnlyForDeploymentPostprocessing = 0;
		};
/* End PBXFrameworksBuildPhase section */

/* Begin PBXGroup section */
		1A081AAF2B492A4D00F88C7C = {
			isa = PBXGroup;
			children = (
				1A081ABA2B492A4D00F88C7C /* Countries Listing By Suhail */,
				1A081AB92B492A4D00F88C7C /* Products */,
				DC806248FAF4370C248448D6 /* Pods */,
				632392C008531101E6AEDEC3 /* Frameworks */,
			);
			sourceTree = "<group>";
		};
		1A081AB92B492A4D00F88C7C /* Products */ = {
			isa = PBXGroup;
			children = (
				1A081AB82B492A4D00F88C7C /* Countries Listing By Suhail.app */,
			);
			name = Products;
			sourceTree = "<group>";
		};
		1A081ABA2B492A4D00F88C7C /* Countries Listing By Suhail */ = {
			isa = PBXGroup;
			children = (
				1A081AD52B492B8400F88C7C /* Resources */,
				1A081AD22B492B4100F88C7C /* Models */,
				1A081AD32B492B4B00F88C7C /* Views */,
				1A081AD42B492B5200F88C7C /* Controllers */,
				1A081ACC2B492A4E00F88C7C /* Info.plist */,
				1A081AC42B492A4D00F88C7C /* Countries_Listing_By_Suhail.xcdatamodeld */,
			);
			path = "Countries Listing By Suhail";
			sourceTree = "<group>";
		};
		1A081AD22B492B4100F88C7C /* Models */ = {
			isa = PBXGroup;
			children = (
				1A081AE02B49392300F88C7C /* CountryPoint.swift */,
				1A081AEA2B4955DC00F88C7C /* Country.swift */,
			);
			path = Models;
			sourceTree = "<group>";
		};
		1A081AD32B492B4B00F88C7C /* Views */ = {
			isa = PBXGroup;
			children = (
				1A081ADD2B492C0500F88C7C /* Storyboards */,
				1A081AD62B492BA700F88C7C /* Custom Cells */,
			);
			path = Views;
			sourceTree = "<group>";
		};
		1A081AD42B492B5200F88C7C /* Controllers */ = {
			isa = PBXGroup;
			children = (
				1A081ABF2B492A4D00F88C7C /* MapViewController.swift */,
				1A081AE22B494A6300F88C7C /* DropDownViewController.swift */,
				1A081ADE2B492EBD00F88C7C /* CountriesViewController.swift */,
				1A2FCFBE2B4A85EB00FBDBC5 /* WikipediViewController.swift */,
			);
			path = Controllers;
			sourceTree = "<group>";
		};
		1A081AD52B492B8400F88C7C /* Resources */ = {
			isa = PBXGroup;
			children = (
				1A081ABB2B492A4D00F88C7C /* AppDelegate.swift */,
				1A081ABD2B492A4D00F88C7C /* SceneDelegate.swift */,
				1A683E2B2B4A501500BC18E6 /* CountriesCD+CoreDataClass.swift */,
				1A683E2C2B4A501500BC18E6 /* CountriesCD+CoreDataProperties.swift */,
				1A081AF02B49AF8D00F88C7C /* AppDelegate */,
				1A081AEC2B49564200F88C7C /* NetworkManager.swift */,
				1A081AF12B49B04200F88C7C /* DatabaseManager.swift */,
				1A081AEE2B49946900F88C7C /* LocationManager.swift */,
			);
			path = Resources;
			sourceTree = "<group>";
		};
		1A081AD62B492BA700F88C7C /* Custom Cells */ = {
			isa = PBXGroup;
			children = (
				1A2FCFBA2B4A808900FBDBC5 /* CountryTableViewCell.swift */,
				1A2FCFBB2B4A808900FBDBC5 /* CountryTableViewCell.xib */,
			);
			path = "Custom Cells";
			sourceTree = "<group>";
		};
		1A081ADD2B492C0500F88C7C /* Storyboards */ = {
			isa = PBXGroup;
			children = (
				1A081AC12B492A4D00F88C7C /* Main.storyboard */,
				1A081AC92B492A4E00F88C7C /* LaunchScreen.storyboard */,
				1A081AC72B492A4E00F88C7C /* Assets.xcassets */,
			);
			path = Storyboards;
			sourceTree = "<group>";
		};
		1A081AF02B49AF8D00F88C7C /* AppDelegate */ = {
			isa = PBXGroup;
			children = (
			);
			path = AppDelegate;
			sourceTree = "<group>";
		};
		632392C008531101E6AEDEC3 /* Frameworks */ = {
			isa = PBXGroup;
			children = (
				DBE0027FAA9B9C5A3309B6A0 /* Pods_Countries_Listing_By_Suhail.framework */,
			);
			name = Frameworks;
			sourceTree = "<group>";
		};
		DC806248FAF4370C248448D6 /* Pods */ = {
			isa = PBXGroup;
			children = (
				C37FC9ACE3A1EAD22EB118F6 /* Pods-Countries Listing By Suhail.debug.xcconfig */,
				F83A5539787B6ECC2D44C122 /* Pods-Countries Listing By Suhail.release.xcconfig */,
			);
			path = Pods;
			sourceTree = "<group>";
		};
/* End PBXGroup section */

/* Begin PBXNativeTarget section */
		1A081AB72B492A4D00F88C7C /* Countries Listing By Suhail */ = {
			isa = PBXNativeTarget;
			buildConfigurationList = 1A081ACF2B492A4E00F88C7C /* Build configuration list for PBXNativeTarget "Countries Listing By Suhail" */;
			buildPhases = (
				F0984EE1C80C6B5EF3BD3199 /* [CP] Check Pods Manifest.lock */,
				1A081AB42B492A4D00F88C7C /* Sources */,
				1A081AB52B492A4D00F88C7C /* Frameworks */,
				1A081AB62B492A4D00F88C7C /* Resources */,
				930D610B724DC4C0176A073A /* [CP] Embed Pods Frameworks */,
			);
			buildRules = (
			);
			dependencies = (
			);
			name = "Countries Listing By Suhail";
			packageProductDependencies = (
				1A683E302B4A6C0B00BC18E6 /* JGProgressHUD */,
			);
			productName = "Countries Listing By Suhail";
			productReference = 1A081AB82B492A4D00F88C7C /* Countries Listing By Suhail.app */;
			productType = "com.apple.product-type.application";
		};
/* End PBXNativeTarget section */

/* Begin PBXProject section */
		1A081AB02B492A4D00F88C7C /* Project object */ = {
			isa = PBXProject;
			attributes = {
				BuildIndependentTargetsInParallel = 1;
				LastSwiftUpdateCheck = 1500;
				LastUpgradeCheck = 1500;
				TargetAttributes = {
					1A081AB72B492A4D00F88C7C = {
						CreatedOnToolsVersion = 15.0.1;
					};
				};
			};
			buildConfigurationList = 1A081AB32B492A4D00F88C7C /* Build configuration list for PBXProject "Countries Listing By Suhail" */;
			compatibilityVersion = "Xcode 14.0";
			developmentRegion = en;
			hasScannedForEncodings = 0;
			knownRegions = (
				en,
				Base,
			);
			mainGroup = 1A081AAF2B492A4D00F88C7C;
			packageReferences = (
				1A683E2F2B4A6C0B00BC18E6 /* XCRemoteSwiftPackageReference "JGProgressHUD" */,
			);
			productRefGroup = 1A081AB92B492A4D00F88C7C /* Products */;
			projectDirPath = "";
			projectRoot = "";
			targets = (
				1A081AB72B492A4D00F88C7C /* Countries Listing By Suhail */,
			);
		};
/* End PBXProject section */

/* Begin PBXResourcesBuildPhase section */
		1A081AB62B492A4D00F88C7C /* Resources */ = {
			isa = PBXResourcesBuildPhase;
			buildActionMask = 2147483647;
			files = (
				1A2FCFBD2B4A808900FBDBC5 /* CountryTableViewCell.xib in Resources */,
				1A081ACB2B492A4E00F88C7C /* LaunchScreen.storyboard in Resources */,
				1A081AC82B492A4E00F88C7C /* Assets.xcassets in Resources */,
				1A081AC32B492A4D00F88C7C /* Main.storyboard in Resources */,
			);
			runOnlyForDeploymentPostprocessing = 0;
		};
/* End PBXResourcesBuildPhase section */

/* Begin PBXShellScriptBuildPhase section */
		930D610B724DC4C0176A073A /* [CP] Embed Pods Frameworks */ = {
			isa = PBXShellScriptBuildPhase;
			buildActionMask = 2147483647;
			files = (
			);
			inputFileListPaths = (
				"${PODS_ROOT}/Target Support Files/Pods-Countries Listing By Suhail/Pods-Countries Listing By Suhail-frameworks-${CONFIGURATION}-input-files.xcfilelist",
			);
			name = "[CP] Embed Pods Frameworks";
			outputFileListPaths = (
				"${PODS_ROOT}/Target Support Files/Pods-Countries Listing By Suhail/Pods-Countries Listing By Suhail-frameworks-${CONFIGURATION}-output-files.xcfilelist",
			);
			runOnlyForDeploymentPostprocessing = 0;
			shellPath = /bin/sh;
			shellScript = "\"${PODS_ROOT}/Target Support Files/Pods-Countries Listing By Suhail/Pods-Countries Listing By Suhail-frameworks.sh\"\n";
			showEnvVarsInLog = 0;
		};
		F0984EE1C80C6B5EF3BD3199 /* [CP] Check Pods Manifest.lock */ = {
			isa = PBXShellScriptBuildPhase;
			buildActionMask = 2147483647;
			files = (
			);
			inputFileListPaths = (
			);
			inputPaths = (
				"${PODS_PODFILE_DIR_PATH}/Podfile.lock",
				"${PODS_ROOT}/Manifest.lock",
			);
			name = "[CP] Check Pods Manifest.lock";
			outputFileListPaths = (
			);
			outputPaths = (
				"$(DERIVED_FILE_DIR)/Pods-Countries Listing By Suhail-checkManifestLockResult.txt",
			);
			runOnlyForDeploymentPostprocessing = 0;
			shellPath = /bin/sh;
			shellScript = "diff \"${PODS_PODFILE_DIR_PATH}/Podfile.lock\" \"${PODS_ROOT}/Manifest.lock\" > /dev/null\nif [ $? != 0 ] ; then\n    # print error to STDERR\n    echo \"error: The sandbox is not in sync with the Podfile.lock. Run 'pod install' or update your CocoaPods installation.\" >&2\n    exit 1\nfi\n# This output is used by Xcode 'outputs' to avoid re-running this script phase.\necho \"SUCCESS\" > \"${SCRIPT_OUTPUT_FILE_0}\"\n";
			showEnvVarsInLog = 0;
		};
/* End PBXShellScriptBuildPhase section */

/* Begin PBXSourcesBuildPhase section */
		1A081AB42B492A4D00F88C7C /* Sources */ = {
			isa = PBXSourcesBuildPhase;
			buildActionMask = 2147483647;
			files = (
				1A081AED2B49564200F88C7C /* NetworkManager.swift in Sources */,
				1A081AF22B49B04200F88C7C /* DatabaseManager.swift in Sources */,
				1A081AC62B492A4D00F88C7C /* Countries_Listing_By_Suhail.xcdatamodeld in Sources */,
				1A081AEF2B49946900F88C7C /* LocationManager.swift in Sources */,
				1A081AC02B492A4D00F88C7C /* MapViewController.swift in Sources */,
				1A081ABC2B492A4D00F88C7C /* AppDelegate.swift in Sources */,
				1A683E2E2B4A501500BC18E6 /* CountriesCD+CoreDataProperties.swift in Sources */,
				1A081AE32B494A6300F88C7C /* DropDownViewController.swift in Sources */,
				1A081AEB2B4955DC00F88C7C /* Country.swift in Sources */,
				1A081AE12B49392300F88C7C /* CountryPoint.swift in Sources */,
				1A683E2D2B4A501500BC18E6 /* CountriesCD+CoreDataClass.swift in Sources */,
				1A081ADF2B492EBD00F88C7C /* CountriesViewController.swift in Sources */,
				1A2FCFBF2B4A85EB00FBDBC5 /* WikipediViewController.swift in Sources */,
				1A2FCFBC2B4A808900FBDBC5 /* CountryTableViewCell.swift in Sources */,
				1A081ABE2B492A4D00F88C7C /* SceneDelegate.swift in Sources */,
			);
			runOnlyForDeploymentPostprocessing = 0;
		};
/* End PBXSourcesBuildPhase section */

/* Begin PBXVariantGroup section */
		1A081AC12B492A4D00F88C7C /* Main.storyboard */ = {
			isa = PBXVariantGroup;
			children = (
				1A081AC22B492A4D00F88C7C /* Base */,
			);
			name = Main.storyboard;
			sourceTree = "<group>";
		};
		1A081AC92B492A4E00F88C7C /* LaunchScreen.storyboard */ = {
			isa = PBXVariantGroup;
			children = (
				1A081ACA2B492A4E00F88C7C /* Base */,
			);
			name = LaunchScreen.storyboard;
			sourceTree = "<group>";
		};
/* End PBXVariantGroup section */

/* Begin XCBuildConfiguration section */
		1A081ACD2B492A4E00F88C7C /* Debug */ = {
			isa = XCBuildConfiguration;
			buildSettings = {
				ALWAYS_SEARCH_USER_PATHS = NO;
				ASSETCATALOG_COMPILER_GENERATE_SWIFT_ASSET_SYMBOL_EXTENSIONS = YES;
				CLANG_ANALYZER_NONNULL = YES;
				CLANG_ANALYZER_NUMBER_OBJECT_CONVERSION = YES_AGGRESSIVE;
				CLANG_CXX_LANGUAGE_STANDARD = "gnu++20";
				CLANG_ENABLE_MODULES = YES;
				CLANG_ENABLE_OBJC_ARC = YES;
				CLANG_ENABLE_OBJC_WEAK = YES;
				CLANG_WARN_BLOCK_CAPTURE_AUTORELEASING = YES;
				CLANG_WARN_BOOL_CONVERSION = YES;
				CLANG_WARN_COMMA = YES;
				CLANG_WARN_CONSTANT_CONVERSION = YES;
				CLANG_WARN_DEPRECATED_OBJC_IMPLEMENTATIONS = YES;
				CLANG_WARN_DIRECT_OBJC_ISA_USAGE = YES_ERROR;
				CLANG_WARN_DOCUMENTATION_COMMENTS = YES;
				CLANG_WARN_EMPTY_BODY = YES;
				CLANG_WARN_ENUM_CONVERSION = YES;
				CLANG_WARN_INFINITE_RECURSION = YES;
				CLANG_WARN_INT_CONVERSION = YES;
				CLANG_WARN_NON_LITERAL_NULL_CONVERSION = YES;
				CLANG_WARN_OBJC_IMPLICIT_RETAIN_SELF = YES;
				CLANG_WARN_OBJC_LITERAL_CONVERSION = YES;
				CLANG_WARN_OBJC_ROOT_CLASS = YES_ERROR;
				CLANG_WARN_QUOTED_INCLUDE_IN_FRAMEWORK_HEADER = YES;
				CLANG_WARN_RANGE_LOOP_ANALYSIS = YES;
				CLANG_WARN_STRICT_PROTOTYPES = YES;
				CLANG_WARN_SUSPICIOUS_MOVE = YES;
				CLANG_WARN_UNGUARDED_AVAILABILITY = YES_AGGRESSIVE;
				CLANG_WARN_UNREACHABLE_CODE = YES;
				CLANG_WARN__DUPLICATE_METHOD_MATCH = YES;
				COPY_PHASE_STRIP = NO;
				DEBUG_INFORMATION_FORMAT = dwarf;
				ENABLE_STRICT_OBJC_MSGSEND = YES;
				ENABLE_TESTABILITY = YES;
				ENABLE_USER_SCRIPT_SANDBOXING = YES;
				GCC_C_LANGUAGE_STANDARD = gnu17;
				GCC_DYNAMIC_NO_PIC = NO;
				GCC_NO_COMMON_BLOCKS = YES;
				GCC_OPTIMIZATION_LEVEL = 0;
				GCC_PREPROCESSOR_DEFINITIONS = (
					"DEBUG=1",
					"$(inherited)",
				);
				GCC_WARN_64_TO_32_BIT_CONVERSION = YES;
				GCC_WARN_ABOUT_RETURN_TYPE = YES_ERROR;
				GCC_WARN_UNDECLARED_SELECTOR = YES;
				GCC_WARN_UNINITIALIZED_AUTOS = YES_AGGRESSIVE;
				GCC_WARN_UNUSED_FUNCTION = YES;
				GCC_WARN_UNUSED_VARIABLE = YES;
				IPHONEOS_DEPLOYMENT_TARGET = 17.0;
				LOCALIZATION_PREFERS_STRING_CATALOGS = YES;
				MTL_ENABLE_DEBUG_INFO = INCLUDE_SOURCE;
				MTL_FAST_MATH = YES;
				ONLY_ACTIVE_ARCH = YES;
				SDKROOT = iphoneos;
				SWIFT_ACTIVE_COMPILATION_CONDITIONS = "DEBUG $(inherited)";
				SWIFT_OPTIMIZATION_LEVEL = "-Onone";
			};
			name = Debug;
		};
		1A081ACE2B492A4E00F88C7C /* Release */ = {
			isa = XCBuildConfiguration;
			buildSettings = {
				ALWAYS_SEARCH_USER_PATHS = NO;
				ASSETCATALOG_COMPILER_GENERATE_SWIFT_ASSET_SYMBOL_EXTENSIONS = YES;
				CLANG_ANALYZER_NONNULL = YES;
				CLANG_ANALYZER_NUMBER_OBJECT_CONVERSION = YES_AGGRESSIVE;
				CLANG_CXX_LANGUAGE_STANDARD = "gnu++20";
				CLANG_ENABLE_MODULES = YES;
				CLANG_ENABLE_OBJC_ARC = YES;
				CLANG_ENABLE_OBJC_WEAK = YES;
				CLANG_WARN_BLOCK_CAPTURE_AUTORELEASING = YES;
				CLANG_WARN_BOOL_CONVERSION = YES;
				CLANG_WARN_COMMA = YES;
				CLANG_WARN_CONSTANT_CONVERSION = YES;
				CLANG_WARN_DEPRECATED_OBJC_IMPLEMENTATIONS = YES;
				CLANG_WARN_DIRECT_OBJC_ISA_USAGE = YES_ERROR;
				CLANG_WARN_DOCUMENTATION_COMMENTS = YES;
				CLANG_WARN_EMPTY_BODY = YES;
				CLANG_WARN_ENUM_CONVERSION = YES;
				CLANG_WARN_INFINITE_RECURSION = YES;
				CLANG_WARN_INT_CONVERSION = YES;
				CLANG_WARN_NON_LITERAL_NULL_CONVERSION = YES;
				CLANG_WARN_OBJC_IMPLICIT_RETAIN_SELF = YES;
				CLANG_WARN_OBJC_LITERAL_CONVERSION = YES;
				CLANG_WARN_OBJC_ROOT_CLASS = YES_ERROR;
				CLANG_WARN_QUOTED_INCLUDE_IN_FRAMEWORK_HEADER = YES;
				CLANG_WARN_RANGE_LOOP_ANALYSIS = YES;
				CLANG_WARN_STRICT_PROTOTYPES = YES;
				CLANG_WARN_SUSPICIOUS_MOVE = YES;
				CLANG_WARN_UNGUARDED_AVAILABILITY = YES_AGGRESSIVE;
				CLANG_WARN_UNREACHABLE_CODE = YES;
				CLANG_WARN__DUPLICATE_METHOD_MATCH = YES;
				COPY_PHASE_STRIP = NO;
				DEBUG_INFORMATION_FORMAT = "dwarf-with-dsym";
				ENABLE_NS_ASSERTIONS = NO;
				ENABLE_STRICT_OBJC_MSGSEND = YES;
				ENABLE_USER_SCRIPT_SANDBOXING = YES;
				GCC_C_LANGUAGE_STANDARD = gnu17;
				GCC_NO_COMMON_BLOCKS = YES;
				GCC_WARN_64_TO_32_BIT_CONVERSION = YES;
				GCC_WARN_ABOUT_RETURN_TYPE = YES_ERROR;
				GCC_WARN_UNDECLARED_SELECTOR = YES;
				GCC_WARN_UNINITIALIZED_AUTOS = YES_AGGRESSIVE;
				GCC_WARN_UNUSED_FUNCTION = YES;
				GCC_WARN_UNUSED_VARIABLE = YES;
				IPHONEOS_DEPLOYMENT_TARGET = 17.0;
				LOCALIZATION_PREFERS_STRING_CATALOGS = YES;
				MTL_ENABLE_DEBUG_INFO = NO;
				MTL_FAST_MATH = YES;
				SDKROOT = iphoneos;
				SWIFT_COMPILATION_MODE = wholemodule;
				VALIDATE_PRODUCT = YES;
			};
			name = Release;
		};
		1A081AD02B492A4E00F88C7C /* Debug */ = {
			isa = XCBuildConfiguration;
			baseConfigurationReference = C37FC9ACE3A1EAD22EB118F6 /* Pods-Countries Listing By Suhail.debug.xcconfig */;
			buildSettings = {
				ASSETCATALOG_COMPILER_APPICON_NAME = AppIcon;
				ASSETCATALOG_COMPILER_GLOBAL_ACCENT_COLOR_NAME = AccentColor;
				CODE_SIGN_STYLE = Automatic;
				CURRENT_PROJECT_VERSION = 1;
				DEVELOPMENT_TEAM = 3L566L7593;
				ENABLE_USER_SCRIPT_SANDBOXING = NO;
				GENERATE_INFOPLIST_FILE = YES;
				INFOPLIST_FILE = "Countries Listing By Suhail/Info.plist";
				INFOPLIST_KEY_UIApplicationSupportsIndirectInputEvents = YES;
				INFOPLIST_KEY_UILaunchStoryboardName = LaunchScreen;
				INFOPLIST_KEY_UIMainStoryboardFile = Main;
				INFOPLIST_KEY_UISupportedInterfaceOrientations_iPad = "UIInterfaceOrientationPortrait UIInterfaceOrientationPortraitUpsideDown UIInterfaceOrientationLandscapeLeft UIInterfaceOrientationLandscapeRight";
				INFOPLIST_KEY_UISupportedInterfaceOrientations_iPhone = "UIInterfaceOrientationPortrait UIInterfaceOrientationLandscapeLeft UIInterfaceOrientationLandscapeRight";
				LD_RUNPATH_SEARCH_PATHS = (
					"$(inherited)",
					"@executable_path/Frameworks",
				);
				MARKETING_VERSION = 1.0;
				PRODUCT_BUNDLE_IDENTIFIER = "com.suhail.Countries-Listing-By-Suhail";
				PRODUCT_NAME = "$(TARGET_NAME)";
				SWIFT_EMIT_LOC_STRINGS = YES;
				SWIFT_VERSION = 5.0;
				TARGETED_DEVICE_FAMILY = "1,2";
			};
			name = Debug;
		};
		1A081AD12B492A4E00F88C7C /* Release */ = {
			isa = XCBuildConfiguration;
			baseConfigurationReference = F83A5539787B6ECC2D44C122 /* Pods-Countries Listing By Suhail.release.xcconfig */;
			buildSettings = {
				ASSETCATALOG_COMPILER_APPICON_NAME = AppIcon;
				ASSETCATALOG_COMPILER_GLOBAL_ACCENT_COLOR_NAME = AccentColor;
				CODE_SIGN_STYLE = Automatic;
				CURRENT_PROJECT_VERSION = 1;
				DEVELOPMENT_TEAM = 3L566L7593;
				ENABLE_USER_SCRIPT_SANDBOXING = NO;
				GENERATE_INFOPLIST_FILE = YES;
				INFOPLIST_FILE = "Countries Listing By Suhail/Info.plist";
				INFOPLIST_KEY_UIApplicationSupportsIndirectInputEvents = YES;
				INFOPLIST_KEY_UILaunchStoryboardName = LaunchScreen;
				INFOPLIST_KEY_UIMainStoryboardFile = Main;
				INFOPLIST_KEY_UISupportedInterfaceOrientations_iPad = "UIInterfaceOrientationPortrait UIInterfaceOrientationPortraitUpsideDown UIInterfaceOrientationLandscapeLeft UIInterfaceOrientationLandscapeRight";
				INFOPLIST_KEY_UISupportedInterfaceOrientations_iPhone = "UIInterfaceOrientationPortrait UIInterfaceOrientationLandscapeLeft UIInterfaceOrientationLandscapeRight";
				LD_RUNPATH_SEARCH_PATHS = (
					"$(inherited)",
					"@executable_path/Frameworks",
				);
				MARKETING_VERSION = 1.0;
				PRODUCT_BUNDLE_IDENTIFIER = "com.suhail.Countries-Listing-By-Suhail";
				PRODUCT_NAME = "$(TARGET_NAME)";
				SWIFT_EMIT_LOC_STRINGS = YES;
				SWIFT_VERSION = 5.0;
				TARGETED_DEVICE_FAMILY = "1,2";
			};
			name = Release;
		};
/* End XCBuildConfiguration section */

/* Begin XCConfigurationList section */
		1A081AB32B492A4D00F88C7C /* Build configuration list for PBXProject "Countries Listing By Suhail" */ = {
			isa = XCConfigurationList;
			buildConfigurations = (
				1A081ACD2B492A4E00F88C7C /* Debug */,
				1A081ACE2B492A4E00F88C7C /* Release */,
			);
			defaultConfigurationIsVisible = 0;
			defaultConfigurationName = Release;
		};
		1A081ACF2B492A4E00F88C7C /* Build configuration list for PBXNativeTarget "Countries Listing By Suhail" */ = {
			isa = XCConfigurationList;
			buildConfigurations = (
				1A081AD02B492A4E00F88C7C /* Debug */,
				1A081AD12B492A4E00F88C7C /* Release */,
			);
			defaultConfigurationIsVisible = 0;
			defaultConfigurationName = Release;
		};
/* End XCConfigurationList section */

/* Begin XCRemoteSwiftPackageReference section */
		1A683E2F2B4A6C0B00BC18E6 /* XCRemoteSwiftPackageReference "JGProgressHUD" */ = {
			isa = XCRemoteSwiftPackageReference;
			repositoryURL = "https://github.com/JonasGessner/JGProgressHUD.git";
			requirement = {
				kind = upToNextMajorVersion;
				minimumVersion = 2.2.0;
			};
		};
/* End XCRemoteSwiftPackageReference section */

/* Begin XCSwiftPackageProductDependency section */
		1A683E302B4A6C0B00BC18E6 /* JGProgressHUD */ = {
			isa = XCSwiftPackageProductDependency;
			package = 1A683E2F2B4A6C0B00BC18E6 /* XCRemoteSwiftPackageReference "JGProgressHUD" */;
			productName = JGProgressHUD;
		};
/* End XCSwiftPackageProductDependency section */

/* Begin XCVersionGroup section */
		1A081AC42B492A4D00F88C7C /* Countries_Listing_By_Suhail.xcdatamodeld */ = {
			isa = XCVersionGroup;
			children = (
				1A081AC52B492A4D00F88C7C /* Countries_Listing_By_Suhail.xcdatamodel */,
			);
			currentVersion = 1A081AC52B492A4D00F88C7C /* Countries_Listing_By_Suhail.xcdatamodel */;
			path = Countries_Listing_By_Suhail.xcdatamodeld;
			sourceTree = "<group>";
			versionGroupType = wrapper.xcdatamodel;
		};
/* End XCVersionGroup section */
	};
	rootObject = 1A081AB02B492A4D00F88C7C /* Project object */;
}
